{
  "originHash" : "ad8607cf6ce800f68127adcb6c702f1bec82b6d139eca4b3cc9bb4ddc8dee2d4",
  "pins" : [
    {
      "identity" : "capacitor-swift-pm",
      "kind" : "remoteSourceControl",
      "location" : "https://github.com/ionic-team/capacitor-swift-pm.git",
      "state" : {
        "revision" : "596259033e94829dffc552a40e7129262122995e",
        "version" : "8.0.0"
      }
    }
  ],
  "version" : 3
}
